// !$*UTF8*$!
{
	archiveVersion = 1;
	classes = {
	};
	objectVersion = 50;
	objects = {

/* Begin PBXBuildFile section */
		8ACF26B82306BC3C00609A25 /* AppDelegate.swift in Sources */ = {isa = PBXBuildFile; fileRef = 8ACF26B72306BC3C00609A25 /* AppDelegate.swift */; };
		8ACF26BB2306BC3C00609A25 /* Simple_Blog_Reader.xcdatamodeld in Sources */ = {isa = PBXBuildFile; fileRef = 8ACF26B92306BC3C00609A25 /* Simple_Blog_Reader.xcdatamodeld */; };
		8ACF26BD2306BC3C00609A25 /* MasterViewController.swift in Sources */ = {isa = PBXBuildFile; fileRef = 8ACF26BC2306BC3C00609A25 /* MasterViewController.swift */; };
		8ACF26BF2306BC3C00609A25 /* DetailViewController.swift in Sources */ = {isa = PBXBuildFile; fileRef = 8ACF26BE2306BC3C00609A25 /* DetailViewController.swift */; };
		8ACF26C22306BC3C00609A25 /* Main.storyboard in Resources */ = {isa = PBXBuildFile; fileRef = 8ACF26C02306BC3C00609A25 /* Main.storyboard */; };
		8ACF26C42306BC4000609A25 /* Assets.xcassets in Resources */ = {isa = PBXBuildFile; fileRef = 8ACF26C32306BC4000609A25 /* Assets.xcassets */; };
		8ACF26C72306BC4000609A25 /* LaunchScreen.storyboard in Resources */ = {isa = PBXBuildFile; fileRef = 8ACF26C52306BC4000609A25 /* LaunchScreen.storyboard */; };
/* End PBXBuildFile section */

/* Begin PBXFileReference section */
		8ACF26B42306BC3C00609A25 /* Simple Blog Reader.app */ = {isa = PBXFileReference; explicitFileType = wrapper.application; includeInIndex = 0; path = "Simple Blog Reader.app"; sourceTree = BUILT_PRODUCTS_DIR; };
		8ACF26B72306BC3C00609A25 /* AppDelegate.swift */ = {isa = PBXFileReference; lastKnownFileType = sourcecode.swift; path = AppDelegate.swift; sourceTree = "<group>"; };
		8ACF26BA2306BC3C00609A25 /* Simple_Blog_Reader.xcdatamodel */ = {isa = PBXFileReference; lastKnownFileType = wrapper.xcdatamodel; path = Simple_Blog_Reader.xcdatamodel; sourceTree = "<group>"; };
		8ACF26BC2306BC3C00609A25 /* MasterViewController.swift */ = {isa = PBXFileReference; lastKnownFileType = sourcecode.swift; path = MasterViewController.swift; sourceTree = "<group>"; };
		8ACF26BE2306BC3C00609A25 /* DetailViewController.swift */ = {isa = PBXFileReference; lastKnownFileType = sourcecode.swift; path = DetailViewController.swift; sourceTree = "<group>"; };
		8ACF26C12306BC3C00609A25 /* Base */ = {isa = PBXFileReference; lastKnownFileType = file.storyboard; name = Base; path = Base.lproj/Main.storyboard; sourceTree = "<group>"; };
		8ACF26C32306BC4000609A25 /* Assets.xcassets */ = {isa = PBXFileReference; lastKnownFileType = folder.assetcatalog; path = Assets.xcassets; sourceTree = "<group>"; };
		8ACF26C62306BC4000609A25 /* Base */ = {isa = PBXFileReference; lastKnownFileType = file.storyboard; name = Base; path = Base.lproj/LaunchScreen.storyboard; sourceTree = "<group>"; };
		8ACF26C82306BC4000609A25 /* Info.plist */ = {isa = PBXFileReference; lastKnownFileType = text.plist.xml; path = Info.plist; sourceTree = "<group>"; };
/* End PBXFileReference section */

/* Begin PBXFrameworksBuildPhase section */
		8ACF26B12306BC3C00609A25 /* Frameworks */ = {
			isa = PBXFrameworksBuildPhase;
			buildActionMask = 2147483647;
			files = (
			);
			runOnlyForDeploymentPostprocessing = 0;
		};
/* End PBXFrameworksBuildPhase section */

/* Begin PBXGroup section */
		8ACF26AB2306BC3C00609A25 = {
			isa = PBXGroup;
			children = (
				8ACF26B62306BC3C00609A25 /* Simple Blog Reader */,
				8ACF26B52306BC3C00609A25 /* Products */,
			);
			sourceTree = "<group>";
		};
		8ACF26B52306BC3C00609A25 /* Products */ = {
			isa = PBXGroup;
			children = (
				8ACF26B42306BC3C00609A25 /* Simple Blog Reader.app */,
			);
			name = Products;
			sourceTree = "<group>";
		};
		8ACF26B62306BC3C00609A25 /* Simple Blog Reader */ = {
			isa = PBXGroup;
			children = (
				8ACF26B72306BC3C00609A25 /* AppDelegate.swift */,
				8ACF26BC2306BC3C00609A25 /* MasterViewController.swift */,
				8ACF26BE2306BC3C00609A25 /* DetailViewController.swift */,
				8ACF26C02306BC3C00609A25 /* Main.storyboard */,
				8ACF26C32306BC4000609A25 /* Assets.xcassets */,
				8ACF26C52306BC4000609A25 /* LaunchScreen.storyboard */,
				8ACF26C82306BC4000609A25 /* Info.plist */,
				8ACF26B92306BC3C00609A25 /* Simple_Blog_Reader.xcdatamodeld */,
			);
			path = "Simple Blog Reader";
			sourceTree = "<group>";
		};
/* End PBXGroup section */

/* Begin PBXNativeTarget section */
		8ACF26B32306BC3C00609A25 /* Simple Blog Reader */ = {
			isa = PBXNativeTarget;
			buildConfigurationList = 8ACF26CB2306BC4000609A25 /* Build configuration list for PBXNativeTarget "Simple Blog Reader" */;
			buildPhases = (
				8ACF26B02306BC3C00609A25 /* Sources */,
				8ACF26B12306BC3C00609A25 /* Frameworks */,
				8ACF26B22306BC3C00609A25 /* Resources */,
			);
			buildRules = (
			);
			dependencies = (
			);
			name = "Simple Blog Reader";
			productName = "Simple Blog Reader";
			productReference = 8ACF26B42306BC3C00609A25 /* Simple Blog Reader.app */;
			productType = "com.apple.product-type.application";
		};
/* End PBXNativeTarget section */

/* Begin PBXProject section */
		8ACF26AC2306BC3C00609A25 /* Project object */ = {
			isa = PBXProject;
			attributes = {
				LastSwiftUpdateCheck = 1010;
				LastUpgradeCheck = 1010;
				ORGANIZATIONNAME = "Starknet Technologies®";
				TargetAttributes = {
					8ACF26B32306BC3C00609A25 = {
						CreatedOnToolsVersion = 10.1;
					};
				};
			};
			buildConfigurationList = 8ACF26AF2306BC3C00609A25 /* Build configuration list for PBXProject "Simple Blog Reader" */;
			compatibilityVersion = "Xcode 9.3";
			developmentRegion = en;
			hasScannedForEncodings = 0;
			knownRegions = (
				en,
				Base,
			);
			mainGroup = 8ACF26AB2306BC3C00609A25;
			productRefGroup = 8ACF26B52306BC3C00609A25 /* Products */;
			projectDirPath = "";
			projectRoot = "";
			targets = (
				8ACF26B32306BC3C00609A25 /* Simple Blog Reader */,
			);
		};
/* End PBXProject section */

/* Begin PBXResourcesBuildPhase section */
		8ACF26B22306BC3C00609A25 /* Resources */ = {
			isa = PBXResourcesBuildPhase;
			buildActionMask = 2147483647;
			files = (
				8ACF26C72306BC4000609A25 /* LaunchScreen.storyboard in Resources */,
				8ACF26C42306BC4000609A25 /* Assets.xcassets in Resources */,
				8ACF26C22306BC3C00609A25 /* Main.storyboard in Resources */,
			);
			runOnlyForDeploymentPostprocessing = 0;
		};
/* End PBXResourcesBuildPhase section */

/* Begin PBXSourcesBuildPhase section */
		8ACF26B02306BC3C00609A25 /* Sources */ = {
			isa = PBXSourcesBuildPhase;
			buildActionMask = 2147483647;
			files = (
				8ACF26BB2306BC3C00609A25 /* Simple_Blog_Reader.xcdatamodeld in Sources */,
				8ACF26B82306BC3C00609A25 /* AppDelegate.swift in Sources */,
				8ACF26BD2306BC3C00609A25 /* MasterViewController.swift in Sources */,
				8ACF26BF2306BC3C00609A25 /* DetailViewController.swift in Sources */,
			);
			runOnlyForDeploymentPostprocessing = 0;
		};
/* End PBXSourcesBuildPhase section */

/* Begin PBXVariantGroup section */
		8ACF26C02306BC3C00609A25 /* Main.storyboard */ = {
			isa = PBXVariantGroup;
			children = (
				8ACF26C12306BC3C00609A25 /* Base */,
			);
			name = Main.storyboard;
			sourceTree = "<group>";
		};
		8ACF26C52306BC4000609A25 /* LaunchScreen.storyboard */ = {
			isa = PBXVariantGroup;
			children = (
				8ACF26C62306BC4000609A25 /* Base */,
			);
			name = LaunchScreen.storyboard;
			sourceTree = "<group>";
		};
/* End PBXVariantGroup section */

/* Begin XCBuildConfiguration section */
		8ACF26C92306BC4000609A25 /* Debug */ = {
			isa = XCBuildConfiguration;
			buildSettings = {
				ALWAYS_SEARCH_USER_PATHS = NO;
				CLANG_ANALYZER_NONNULL = YES;
				CLANG_ANALYZER_NUMBER_OBJECT_CONVERSION = YES_AGGRESSIVE;
				CLANG_CXX_LANGUAGE_STANDARD = "gnu++14";
				CLANG_CXX_LIBRARY = "libc++";
				CLANG_ENABLE_MODULES = YES;
				CLANG_ENABLE_OBJC_ARC = YES;
				CLANG_ENABLE_OBJC_WEAK = YES;
				CLANG_WARN_BLOCK_CAPTURE_AUTORELEASING = YES;
				CLANG_WARN_BOOL_CONVERSION = YES;
				CLANG_WARN_COMMA = YES;
				CLANG_WARN_CONSTANT_CONVERSION = YES;
				CLANG_WARN_DEPRECATED_OBJC_IMPLEMENTATIONS = YES;
				CLANG_WARN_DIRECT_OBJC_ISA_USAGE = YES_ERROR;
				CLANG_WARN_DOCUMENTATION_COMMENTS = YES;
				CLANG_WARN_EMPTY_BODY = YES;
				CLANG_WARN_ENUM_CONVERSION = YES;
				CLANG_WARN_INFINITE_RECURSION = YES;
				CLANG_WARN_INT_CONVERSION = YES;
				CLANG_WARN_NON_LITERAL_NULL_CONVERSION = YES;
				CLANG_WARN_OBJC_IMPLICIT_RETAIN_SELF = YES;
				CLANG_WARN_OBJC_LITERAL_CONVERSION = YES;
				CLANG_WARN_OBJC_ROOT_CLASS = YES_ERROR;
				CLANG_WARN_RANGE_LOOP_ANALYSIS = YES;
				CLANG_WARN_STRICT_PROTOTYPES = YES;
				CLANG_WARN_SUSPICIOUS_MOVE = YES;
				CLANG_WARN_UNGUARDED_AVAILABILITY = YES_AGGRESSIVE;
				CLANG_WARN_UNREACHABLE_CODE = YES;
				CLANG_WARN__DUPLICATE_METHOD_MATCH = YES;
				CODE_SIGN_IDENTITY = "iPhone Developer";
				COPY_PHASE_STRIP = NO;
				DEBUG_INFORMATION_FORMAT = dwarf;
				ENABLE_STRICT_OBJC_MSGSEND = YES;
				ENABLE_TESTABILITY = YES;
				GCC_C_LANGUAGE_STANDARD = gnu11;
				GCC_DYNAMIC_NO_PIC = NO;
				GCC_NO_COMMON_BLOCKS = YES;
				GCC_OPTIMIZATION_LEVEL = 0;
				GCC_PREPROCESSOR_DEFINITIONS = (
					"DEBUG=1",
					"$(inherited)",
				);
				GCC_WARN_64_TO_32_BIT_CONVERSION = YES;
				GCC_WARN_ABOUT_RETURN_TYPE = YES_ERROR;
				GCC_WARN_UNDECLARED_SELECTOR = YES;
				GCC_WARN_UNINITIALIZED_AUTOS = YES_AGGRESSIVE;
				GCC_WARN_UNUSED_FUNCTION = YES;
				GCC_WARN_UNUSED_VARIABLE = YES;
				IPHONEOS_DEPLOYMENT_TARGET = 12.1;
				MTL_ENABLE_DEBUG_INFO = INCLUDE_SOURCE;
				MTL_FAST_MATH = YES;
				ONLY_ACTIVE_ARCH = YES;
				SDKROOT = iphoneos;
				SWIFT_ACTIVE_COMPILATION_CONDITIONS = DEBUG;
				SWIFT_OPTIMIZATION_LEVEL = "-Onone";
			};
			name = Debug;
		};
		8ACF26CA2306BC4000609A25 /* Release */ = {
			isa = XCBuildConfiguration;
			buildSettings = {
				ALWAYS_SEARCH_USER_PATHS = NO;
				CLANG_ANALYZER_NONNULL = YES;
				CLANG_ANALYZER_NUMBER_OBJECT_CONVERSION = YES_AGGRESSIVE;
				CLANG_CXX_LANGUAGE_STANDARD = "gnu++14";
				CLANG_CXX_LIBRARY = "libc++";
				CLANG_ENABLE_MODULES = YES;
				CLANG_ENABLE_OBJC_ARC = YES;
				CLANG_ENABLE_OBJC_WEAK = YES;
				CLANG_WARN_BLOCK_CAPTURE_AUTORELEASING = YES;
				CLANG_WARN_BOOL_CONVERSION = YES;
				CLANG_WARN_COMMA = YES;
				CLANG_WARN_CONSTANT_CONVERSION = YES;
				CLANG_WARN_DEPRECATED_OBJC_IMPLEMENTATIONS = YES;
				CLANG_WARN_DIRECT_OBJC_ISA_USAGE = YES_ERROR;
				CLANG_WARN_DOCUMENTATION_COMMENTS = YES;
				CLANG_WARN_EMPTY_BODY = YES;
				CLANG_WARN_ENUM_CONVERSION = YES;
				CLANG_WARN_INFINITE_RECURSION = YES;
				CLANG_WARN_INT_CONVERSION = YES;
				CLANG_WARN_NON_LITERAL_NULL_CONVERSION = YES;
				CLANG_WARN_OBJC_IMPLICIT_RETAIN_SELF = YES;
				CLANG_WARN_OBJC_LITERAL_CONVERSION = YES;
				CLANG_WARN_OBJC_ROOT_CLASS = YES_ERROR;
				CLANG_WARN_RANGE_LOOP_ANALYSIS = YES;
				CLANG_WARN_STRICT_PROTOTYPES = YES;
				CLANG_WARN_SUSPICIOUS_MOVE = YES;
				CLANG_WARN_UNGUARDED_AVAILABILITY = YES_AGGRESSIVE;
				CLANG_WARN_UNREACHABLE_CODE = YES;
				CLANG_WARN__DUPLICATE_METHOD_MATCH = YES;
				CODE_SIGN_IDENTITY = "iPhone Developer";
				COPY_PHASE_STRIP = NO;
				DEBUG_INFORMATION_FORMAT = "dwarf-with-dsym";
				ENABLE_NS_ASSERTIONS = NO;
				ENABLE_STRICT_OBJC_MSGSEND = YES;
				GCC_C_LANGUAGE_STANDARD = gnu11;
				GCC_NO_COMMON_BLOCKS = YES;
				GCC_WARN_64_TO_32_BIT_CONVERSION = YES;
				GCC_WARN_ABOUT_RETURN_TYPE = YES_ERROR;
				GCC_WARN_UNDECLARED_SELECTOR = YES;
				GCC_WARN_UNINITIALIZED_AUTOS = YES_AGGRESSIVE;
				GCC_WARN_UNUSED_FUNCTION = YES;
				GCC_WARN_UNUSED_VARIABLE = YES;
				IPHONEOS_DEPLOYMENT_TARGET = 12.1;
				MTL_ENABLE_DEBUG_INFO = NO;
				MTL_FAST_MATH = YES;
				SDKROOT = iphoneos;
				SWIFT_COMPILATION_MODE = wholemodule;
				SWIFT_OPTIMIZATION_LEVEL = "-O";
				VALIDATE_PRODUCT = YES;
			};
			name = Release;
		};
		8ACF26CC2306BC4000609A25 /* Debug */ = {
			isa = XCBuildConfiguration;
			buildSettings = {
				ASSETCATALOG_COMPILER_APPICON_NAME = AppIcon;
				CODE_SIGN_STYLE = Automatic;
				DEVELOPMENT_TEAM = QVS959RA29;
				INFOPLIST_FILE = "Simple Blog Reader/Info.plist";
				LD_RUNPATH_SEARCH_PATHS = (
					"$(inherited)",
					"@executable_path/Frameworks",
				);
				PRODUCT_BUNDLE_IDENTIFIER = "com.jerrytan.Simple-Blog-Reader";
				PRODUCT_NAME = "$(TARGET_NAME)";
				SWIFT_VERSION = 4.2;
				TARGETED_DEVICE_FAMILY = "1,2";
			};
			name = Debug;
		};
		8ACF26CD2306BC4000609A25 /* Release */ = {
			isa = XCBuildConfiguration;
			buildSettings = {
				ASSETCATALOG_COMPILER_APPICON_NAME = AppIcon;
				CODE_SIGN_STYLE = Automatic;
				DEVELOPMENT_TEAM = QVS959RA29;
				INFOPLIST_FILE = "Simple Blog Reader/Info.plist";
				LD_RUNPATH_SEARCH_PATHS = (
					"$(inherited)",
					"@executable_path/Frameworks",
				);
				PRODUCT_BUNDLE_IDENTIFIER = "com.jerrytan.Simple-Blog-Reader";
				PRODUCT_NAME = "$(TARGET_NAME)";
				SWIFT_VERSION = 4.2;
				TARGETED_DEVICE_FAMILY = "1,2";
			};
			name = Release;
		};
/* End XCBuildConfiguration section */

/* Begin XCConfigurationList section */
		8ACF26AF2306BC3C00609A25 /* Build configuration list for PBXProject "Simple Blog Reader" */ = {
			isa = XCConfigurationList;
			buildConfigurations = (
				8ACF26C92306BC4000609A25 /* Debug */,
				8ACF26CA2306BC4000609A25 /* Release */,
			);
			defaultConfigurationIsVisible = 0;
			defaultConfigurationName = Release;
		};
		8ACF26CB2306BC4000609A25 /* Build configuration list for PBXNativeTarget "Simple Blog Reader" */ = {
			isa = XCConfigurationList;
			buildConfigurations = (
				8ACF26CC2306BC4000609A25 /* Debug */,
				8ACF26CD2306BC4000609A25 /* Release */,
			);
			defaultConfigurationIsVisible = 0;
			defaultConfigurationName = Release;
		};
/* End XCConfigurationList section */

/* Begin XCVersionGroup section */
		8ACF26B92306BC3C00609A25 /* Simple_Blog_Reader.xcdatamodeld */ = {
			isa = XCVersionGroup;
			children = (
				8ACF26BA2306BC3C00609A25 /* Simple_Blog_Reader.xcdatamodel */,
			);
			currentVersion = 8ACF26BA2306BC3C00609A25 /* Simple_Blog_Reader.xcdatamodel */;
			path = Simple_Blog_Reader.xcdatamodeld;
			sourceTree = "<group>";
			versionGroupType = wrapper.xcdatamodel;
		};
/* End XCVersionGroup section */
	};
	rootObject = 8ACF26AC2306BC3C00609A25 /* Project object */;
}
